{
    "_readme": [
        "This file locks the dependencies of your project to a known state",
        "Read more about it at https://getcomposer.org/doc/01-basic-usage.md#installing-dependencies",
        "This file is @generated automatically"
    ],
    "content-hash": "1a0b06a7e27ff588db7b13a65cbfa60e",
    "packages": [
        {
            "name": "beberlei/assert",
            "version": "v2.9.5",
            "source": {
                "type": "git",
                "url": "https://github.com/beberlei/assert.git",
                "reference": "c07fe163d6a3b3e4b1275981ec004397954afa89"
            },
            "dist": {
                "type": "zip",
                "url": "https://api.github.com/repos/beberlei/assert/zipball/c07fe163d6a3b3e4b1275981ec004397954afa89",
                "reference": "c07fe163d6a3b3e4b1275981ec004397954afa89",
                "shasum": ""
            },
            "require": {
                "ext-mbstring": "*",
                "php": ">=5.3"
            },
            "require-dev": {
                "friendsofphp/php-cs-fixer": "^2.1.1",
                "phpunit/phpunit": "^4.8.35|^5.7"
            },
            "type": "library",
            "autoload": {
                "psr-4": {
                    "Assert\\": "lib/Assert"
                },
                "files": [
                    "lib/Assert/functions.php"
                ]
            },
            "notification-url": "https://packagist.org/downloads/",
            "license": [
                "BSD-2-Clause"
            ],
            "authors": [
                {
                    "name": "Benjamin Eberlei",
                    "email": "kontakt@beberlei.de",
                    "role": "Lead Developer"
                },
                {
                    "name": "Richard Quadling",
                    "email": "rquadling@gmail.com",
                    "role": "Collaborator"
                }
            ],
            "description": "Thin assertion library for input validation in business models.",
            "keywords": [
                "assert",
                "assertion",
                "validation"
            ],
            "time": "2018-04-16T11:18:27+00:00"
        },
        {
            "name": "broadway/broadway",
            "version": "2.0.1",
            "source": {
                "type": "git",
                "url": "https://github.com/broadway/broadway.git",
                "reference": "fda54df3e470b9d33b38faeaffaebd38687b0497"
            },
            "dist": {
                "type": "zip",
                "url": "https://api.github.com/repos/broadway/broadway/zipball/fda54df3e470b9d33b38faeaffaebd38687b0497",
                "reference": "fda54df3e470b9d33b38faeaffaebd38687b0497",
                "shasum": ""
            },
            "require": {
                "beberlei/assert": "~2.0",
                "broadway/uuid-generator": "~0.4.0",
                "php": "^7.0"
            },
            "require-dev": {
                "friendsofphp/php-cs-fixer": "^2.0",
                "instaclick/base-test-bundle": "~0.5",
                "monolog/monolog": "~1.8",
                "phpunit/phpunit": "^6.0",
                "ramsey/uuid": "^3.0"
            },
            "suggest": {
                "broadway/broadway-bundle": "Symfony bundle for broadway/broadway",
                "broadway/broadway-saga": "Saga component for Broadway",
                "broadway/event-store-dbal": "Event store implementation using doctrine/dbal",
                "broadway/read-model-elasticsearch": "Elasticsearch read model implementation",
                "psr/log-implementation": "Implementation for PSR3, LoggerInterface"
            },
            "type": "library",
            "extra": {
                "branch-alias": {
                    "dev-master": "2.0.x-dev"
                }
            },
            "autoload": {
                "psr-0": {
                    "Broadway\\": "src/"
                }
            },
            "notification-url": "https://packagist.org/downloads/",
            "license": [
                "MIT"
            ],
            "authors": [
                {
                    "name": "othillo",
                    "email": "othillo@othillo.nl"
                },
                {
                    "name": "Alexander",
                    "email": "iam.asm89@gmail.com"
                },
                {
                    "name": "Qandidate.com",
                    "homepage": "http://labs.qandidate.com/"
                },
                {
                    "name": "Willem-Jan",
                    "email": "wjzijderveld@gmail.com"
                },
                {
                    "name": "Emil",
                    "email": "emil@broekmeulen.com"
                },
                {
                    "name": "Fritsjan",
                    "email": "fritsjan@qandidate.com"
                }
            ],
            "description": "Infrastructure and testing helpers for creating CQRS and event sourced applications.",
            "keywords": [
                "cqrs",
                "ddd",
                "domain-driven design",
                "event sourcing"
            ],
            "time": "2017-12-16T10:26:26+00:00"
        },
        {
            "name": "broadway/uuid-generator",
            "version": "0.4.0",
            "source": {
                "type": "git",
                "url": "https://github.com/broadway/broadway-uuid-generator.git",
                "reference": "3c5307e62975113d370d18d36c9fcd792b21032a"
            },
            "dist": {
                "type": "zip",
                "url": "https://api.github.com/repos/broadway/broadway-uuid-generator/zipball/3c5307e62975113d370d18d36c9fcd792b21032a",
                "reference": "3c5307e62975113d370d18d36c9fcd792b21032a",
                "shasum": ""
            },
            "require": {
                "php": ">=5.5.9"
            },
            "require-dev": {
                "phpunit/phpunit": "^4.8",
                "ramsey/uuid": "^3.0"
            },
            "suggest": {
                "ramsey/uuid": "Allows creating UUIDs"
            },
            "type": "library",
            "autoload": {
                "psr-4": {
                    "Broadway\\UuidGenerator\\": "src/Broadway/UuidGenerator"
                }
            },
            "notification-url": "https://packagist.org/downloads/",
            "license": [
                "MIT"
            ],
            "description": "UUID generator for broadway/broadway.",
            "time": "2016-12-14T10:47:27+00:00"
        }
    ],
    "packages-dev": [],
    "aliases": [],
    "minimum-stability": "stable",
    "stability-flags": [],
    "prefer-stable": false,
    "prefer-lowest": false,
    "platform": [],
    "platform-dev": []
}
